
Microsoft Visual Studio Solution File, Format Version 12.00
# Visual Studio 14
VisualStudioVersion = 14.0.23107.0
MinimumVisualStudioVersion = 10.0.40219.1
Project("{FAE04EC0-301F-11D3-BF4B-00C04F79EFBC}") = "HammerAndAnvil", "HammerAndAnvil\HammerAndAnvil.csproj", "{875FD847-3161-4FA3-86D6-EFADC63A0FEB}"
EndProject
Global
	GlobalSection(SolutionConfigurationPlatforms) = preSolution
		Debug|Any CPU = Debug|Any CPU
		Release|Any CPU = Release|Any CPU
	EndGlobalSection
	GlobalSection(ProjectConfigurationPlatforms) = postSolution
		{875FD847-3161-4FA3-86D6-EFADC63A0FEB}.Debug|Any CPU.ActiveCfg = Debug|Any CPU
		{875FD847-3161-4FA3-86D6-EFADC63A0FEB}.Debug|Any CPU.Build.0 = Debug|Any CPU
		{875FD847-3161-4FA3-86D6-EFADC63A0FEB}.Release|Any CPU.ActiveCfg = Release|Any CPU
		{875FD847-3161-4FA3-86D6-EFADC63A0FEB}.Release|Any CPU.Build.0 = Release|Any CPU
	EndGlobalSection
	GlobalSection(SolutionProperties) = preSolution
		HideSolutionNode = FALSE
	EndGlobalSection
EndGlobal
